github.com/Lzm1996/FixIt v0.0.0-20250309121948-3c4e51bc2583 h1:FhzPsmPfr0wHRnZqTEFdo+60YaqjT0kKuXS7/a0Te7Q=
github.com/Lzm1996/FixIt v0.0.0-20250309121948-3c4e51bc2583/go.mod h1:gdNLdrTES20cFI3It/zH0gAZ+xf5WBvZ5Py0Sj50c2U=
github.com/hugo-fixit/FixIt v0.3.20 h1:XOfaPj3kmHpA94aPAjj4qGzffWCdNdmorihgH3/1jQg=
github.com/hugo-fixit/FixIt v0.3.20/go.mod h1:3XIRedrqakO7/a4ZnhE46haMRF8HgsT0N0B5j5D2iRU=
